
Microsoft Visual Studio Solution File, Format Version 12.00
# Visual Studio Version 16
VisualStudioVersion = 16.0.30128.74
MinimumVisualStudioVersion = 10.0.40219.1
Project("{8BC9CEB8-8B4A-11D0-8D11-00A0C91BC942}") = "SpotFilters", "SpotFilters\SpotFilters.vcxproj", "{96B259AE-D27E-460B-80E1-022C9DFD96C3}"
EndProject
Global
	GlobalSection(SolutionConfigurationPlatforms) = preSolution
		Debug|x64 = Debug|x64
		Debug|x86 = Debug|x86
		Release|x64 = Release|x64
		Release|x86 = Release|x86
	EndGlobalSection
	GlobalSection(ProjectConfigurationPlatforms) = postSolution
		{96B259AE-D27E-460B-80E1-022C9DFD96C3}.Debug|x64.ActiveCfg = Debug|x64
		{96B259AE-D27E-460B-80E1-022C9DFD96C3}.Debug|x64.Build.0 = Debug|x64
		{96B259AE-D27E-460B-80E1-022C9DFD96C3}.Debug|x86.ActiveCfg = Debug|Win32
		{96B259AE-D27E-460B-80E1-022C9DFD96C3}.Debug|x86.Build.0 = Debug|Win32
		{96B259AE-D27E-460B-80E1-022C9DFD96C3}.Release|x64.ActiveCfg = Release|x64
		{96B259AE-D27E-460B-80E1-022C9DFD96C3}.Release|x64.Build.0 = Release|x64
		{96B259AE-D27E-460B-80E1-022C9DFD96C3}.Release|x86.ActiveCfg = Release|Win32
		{96B259AE-D27E-460B-80E1-022C9DFD96C3}.Release|x86.Build.0 = Release|Win32
	EndGlobalSection
	GlobalSection(SolutionProperties) = preSolution
		HideSolutionNode = FALSE
	EndGlobalSection
	GlobalSection(ExtensibilityGlobals) = postSolution
		SolutionGuid = {A7500AA5-72E1-4289-A6CE-81C5DFE48503}
	EndGlobalSection
EndGlobal
